version = 1
revision = 2
requires-python = ">=3.11"
resolution-markers = [
    "python_full_version >= '3.12'",
    "python_full_version < '3.12'",
]

[[package]]
name = "colorama"
version = "0.4.6"
source = { registry = "https://pypi.org/simple" }
sdist = { url = "https://files.pythonhosted.org/packages/d8/53/6f443c9a4a8358a93a6792e2acffb9d9d5cb0a5cfd8802644b7b1c9a02e4/colorama-0.4.6.tar.gz", hash = "sha256:08695f5cb7ed6e0531a20572697297273c47b8cae5a63ffc6d6ed5c201be6e44", size = 27697, upload-time = "2022-10-25T02:36:22.414Z" }
wheels = [
    { url = "https://files.pythonhosted.org/packages/d1/d6/3965ed04c63042e047cb6a3e6ed1a63a35087b6a609aa3a15ed8ac56c221/colorama-0.4.6-py2.py3-none-any.whl", hash = "sha256:4f1d9991f5acc0ca119f9d443620b77f9d6b33703e51011c16baf57afb285fc6", size = 25335, upload-time = "2022-10-25T02:36:20.889Z" },
]

[[package]]
name = "graphmark"
version = "0.5.0"
source = { editable = "." }
dependencies = [
    { name = "networkx" },
]

[package.optional-dependencies]
dev = [
    { name = "hypothesis" },
    { name = "pytest" },
    { name = "ruff" },
]

[package.metadata]
requires-dist = [
    { name = "hypothesis", marker = "extra == 'dev'", specifier = ">=6.100" },
    { name = "networkx", specifier = ">=3.0" },
    { name = "pytest", marker = "extra == 'dev'", specifier = ">=8.0" },
    { name = "ruff", marker = "extra == 'dev'", specifier = ">=0.6" },
]
provides-extras = ["dev"]

[[package]]
name = "hypothesis"
version = "6.161.5"
source = { registry = "https://pypi.org/simple" }
dependencies = [
    { name = "sortedcontainers" },
]
sdist = { url = "https://files.pythonhosted.org/packages/17/94/d208ced653376e7e0a2f0429ee5be864dd0b59393b98a8b41a35ceb4d035/hypothesis-6.161.5.tar.gz", hash = "sha256:ba73a3c3b68e63a0bee5ea1a8a13efce60bcc7ee5fc7e71df2954db39c225b95", size = 486653, upload-time = "2026-07-25T14:39:34.866Z" }
wheels = [
    { url = "https://files.pythonhosted.org/packages/34/58/e48aa878d119474631fc097d511b5e70807dfe56be4b244cce0275f1805e/hypothesis-6.161.5-cp310-abi3-macosx_10_12_x86_64.whl", hash = "sha256:4c89e0c35d7cd70af2a0a5f0b5ad69d1898c369adf15115c6d4271d47bf1b280", size = 766970, upload-time = "2026-07-25T14:38:42.613Z" },
    { url = "https://files.pythonhosted.org/packages/9c/ff/c83c1a4d5d3c4b6a4dc1fcb5069245171b7a30ad5dd31f44282e8881e089/hypothesis-6.161.5-cp310-abi3-macosx_11_0_arm64.whl", hash = "sha256:1bb987e519a6d00675bab124c925000637e2e59384196b0ded5d108dc1851449", size = 762574, upload-time = "2026-07-25T14:38:15.427Z" },
    { url = "https://files.pythonhosted.org/packages/d2/04/7a5ba16cd14340009d1d8aa46083bf3a3a55c5b0d1ccf553e6f6748ee0e8/hypothesis-6.161.5-cp310-abi3-manylinux_2_17_aarch64.manylinux2014_aarch64.whl", hash = "sha256:5990e9e2e145ff5369c95ad684bd6eee7ebd2d4de37d37eea4c6ca5e339e2a52", size = 1091754, upload-time = "2026-07-25T14:38:38.562Z" },
    { url = "https://files.pythonhosted.org/packages/70/69/031913f7408ebb41e31a9b20e5bca75c5a64ab151d57ca75e944a09ba6e0/hypothesis-6.161.5-cp310-abi3-manylinux_2_17_armv7l.manylinux2014_armv7l.whl", hash = "sha256:2a5c6400c58c9c3d616ad7177ada12ae577e5103b3b0df6e79920729250bf100", size = 1120372, upload-time = "2026-07-25T14:38:18.962Z" },
    { url = "https://files.pythonhosted.org/packages/b9/95/360884e86ab99099340fca781531286c26d40ce32c853097e76537cc0726/hypothesis-6.161.5-cp310-abi3-manylinux_2_17_x86_64.manylinux2014_x86_64.whl", hash = "sha256:71aa718e08bdfbacd1a5d8f86ffd55f1d86e64a57cec6a107144d883b522823e", size = 1141230, upload-time = "2026-07-25T14:39:03.757Z" },
    { url = "https://files.pythonhosted.org/packages/bc/5b/6f3c9fbe9191432f33c9aaf951cf5a5416533848999f2e2c6a20ec00098b/hypothesis-6.161.5-cp310-abi3-manylinux_2_31_riscv64.whl", hash = "sha256:66912038467e1af791f76336bc079d669f7c8bbf7aeb85bdd52e83259d885122", size = 1096611, upload-time = "2026-07-25T14:38:34.688Z" },
    { url = "https://files.pythonhosted.org/packages/32/c7/d126b9f66295fed5d5745f98ad92f485c98dee303dd67ea7a53fe4a903aa/hypothesis-6.161.5-cp310-abi3-manylinux_2_5_i686.manylinux1_i686.whl", hash = "sha256:99d8b2380d0bba602df963d6e42d56bb50cf1734376c1b9b14dcab3cec21814e", size = 1133382, upload-time = "2026-07-25T14:38:20.27Z" },
    { url = "https://files.pythonhosted.org/packages/56/de/277a17091687f298079c197cadd806d64908c5a08c9c91bb27b834192503/hypothesis-6.161.5-cp310-abi3-musllinux_1_2_aarch64.whl", hash = "sha256:19e57e621c6abd98123a91bd4b022bde7760ba709f1ca121f822d9aa291bd001", size = 1265592, upload-time = "2026-07-25T14:38:11.734Z" },
    { url = "https://files.pythonhosted.org/packages/d7/e5/3f15b1a43cb70b223427ce3a9a6afbe430bf1754b3346ac546a3df38b96b/hypothesis-6.161.5-cp310-abi3-musllinux_1_2_armv7l.whl", hash = "sha256:3b74cced62995ed2e0096fa63d0b7babd1fa08ce1944cff41134275516848708", size = 1393424, upload-time = "2026-07-25T14:38:46.738Z" },
    { url = "https://files.pythonhosted.org/packages/1a/1d/a3cf1441550dbf5a362dcfa19c831721f3bb6a749eb53ecbdfc983959027/hypothesis-6.161.5-cp310-abi3-musllinux_1_2_riscv64.whl", hash = "sha256:fd37a0257647288be8c27d56a78a31da2b65e3b6254511f03164f5e1c786187a", size = 1266197, upload-time = "2026-07-25T14:39:33.052Z" },
    { url = "https://files.pythonhosted.org/packages/57/e5/2616432d6144057b6c8f4409c95d95610bdbdf07fecb6618e98761861c24/hypothesis-6.161.5-cp310-abi3-musllinux_1_2_x86_64.whl", hash = "sha256:cf9dfba054164e481f05774c70b65ea88ba735b986cdc44f5210ef40871a32e9", size = 1308330, upload-time = "2026-07-25T14:39:27.86Z" },
    { url = "https://files.pythonhosted.org/packages/f7/cd/9e9c7a88858f84447e44e45c8b9fd1058120b4d5fa9bab9c3ceb9b9cf96b/hypothesis-6.161.5-cp310-abi3-win32.whl", hash = "sha256:8763938787e6c98e461f8c11139981597d083e6915a9956db1c26cc609bc7b19", size = 652819, upload-time = "2026-07-25T14:38:35.915Z" },
    { url = "https://files.pythonhosted.org/packages/03/23/aae37b5bb2014e0e01e372498f7f5977b9fd61a0179143854b7fb0538b1c/hypothesis-6.161.5-cp310-abi3-win_amd64.whl", hash = "sha256:79b5d069095a726dca5b6b7e4c5d268acc809a6595c46d7eee860708f960cb8f", size = 658970, upload-time = "2026-07-25T14:39:05.239Z" },
    { url = "https://files.pythonhosted.org/packages/9d/82/60f7213dd5262863646bbf31ca28e1dba68730080c14f39744d110733932/hypothesis-6.161.5-cp311-cp311-macosx_10_12_x86_64.whl", hash = "sha256:f6d55821d13890875d5a50a1433448c8a86f7f83e85103a527dad232d18c470e", size = 767446, upload-time = "2026-07-25T14:38:39.904Z" },
    { url = "https://files.pythonhosted.org/packages/20/b3/145fe198d155ac394cac067ae852074adbca2c015a7244fdb3df2f655c19/hypothesis-6.161.5-cp311-cp311-macosx_11_0_arm64.whl", hash = "sha256:ecb5878b81beb1dfda4e573375a816b1ffa7931d7899a1a2d7216afa5e1efb4f", size = 763215, upload-time = "2026-07-25T14:38:30.624Z" },
    { url = "https://files.pythonhosted.org/packages/fc/c0/0ea73426ba5b2504d4e3f4e6c7589f5808ad6eef4c922f15766c0537bbc2/hypothesis-6.161.5-cp311-cp311-manylinux_2_17_aarch64.manylinux2014_aarch64.whl", hash = "sha256:bff9062c1af02e391c0e48aa75f989393651c6e07f1b50eddeadaa8ca440f944", size = 1092115, upload-time = "2026-07-25T14:39:18.121Z" },
    { url = "https://files.pythonhosted.org/packages/dc/65/2a52daac1d39d0a1a88f96a602ff997e4665c5a9acc4d029e3168e536cd1/hypothesis-6.161.5-cp311-cp311-manylinux_2_17_x86_64.manylinux2014_x86_64.whl", hash = "sha256:570ab5afc34dd7a78e4d1ab1a0ea4e026bbae6caee79dc04245d0347f1d548a7", size = 1141577, upload-time = "2026-07-25T14:38:55.841Z" },
    { url = "https://files.pythonhosted.org/packages/91/cd/77693dbb6766345d980fdfa41f7e7d3d0a676469d156c8e9455c1ebda67d/hypothesis-6.161.5-cp311-cp311-musllinux_1_2_aarch64.whl", hash = "sha256:6a7541433984c5b5fb4ad433a715808579cba16ebaca6a214a99d2f8c35ed49d", size = 1265879, upload-time = "2026-07-25T14:38:21.759Z" },
    { url = "https://files.pythonhosted.org/packages/ed/af/ea72a466210a43b35f3e9d86350aca94529a00d2aff698b4cdd490238955/hypothesis-6.161.5-cp311-cp311-musllinux_1_2_x86_64.whl", hash = "sha256:f3118cce6e66366e2c64389a5dd6e9bc49c697c366d62709e6fda0b3a8a7d997", size = 1308593, upload-time = "2026-07-25T14:38:23.221Z" },
    { url = "https://files.pythonhosted.org/packages/50/8c/d0ae6738baed9061ca29b18de506f5bc8dc84649b216b55213474ec7da9b/hypothesis-6.161.5-cp311-cp311-win_amd64.whl", hash = "sha256:d8cbd7c938b191d5f9bf846a79e81484135a239cd45bf194993949645495ee6f", size = 658671, upload-time = "2026-07-25T14:38:54.453Z" },
    { url = "https://files.pythonhosted.org/packages/bf/37/71a53545f2732574bdd7a45a6e073043bce3447fec4aa722211ebf742f2e/hypothesis-6.161.5-cp312-cp312-macosx_10_12_x86_64.whl", hash = "sha256:37016b6b4842993b06ee453dda4dedac5ef328cefa6daa36372d261abf12db43", size = 768565, upload-time = "2026-07-25T14:38:14.362Z" },
    { url = "https://files.pythonhosted.org/packages/e6/56/7f32ba1443d5819b324444e7d5ebcf207ba4a0f9219a1693a7994293fd3f/hypothesis-6.161.5-cp312-cp312-macosx_11_0_arm64.whl", hash = "sha256:d60a204b86936b29d8914f93a99c59a2ecd4e311be793bf32a3f94774d41e016", size = 760188, upload-time = "2026-07-25T14:38:07.894Z" },
    { url = "https://files.pythonhosted.org/packages/07/0d/699436929d2980103c9ddba153872ebed55cfcc13f0f78c1741ac6128205/hypothesis-6.161.5-cp312-cp312-manylinux_2_17_aarch64.manylinux2014_aarch64.whl", hash = "sha256:cee9f1a563830a9137b9d1505c9c4fac760bc43dfbfa5873bebefe36c8dca4ec", size = 1090570, upload-time = "2026-07-25T14:39:00.492Z" },
    { url = "https://files.pythonhosted.org/packages/8a/a5/2c28b58d16443fd8ad63e4f287440291a42135073748e5e511084f32a6f3/hypothesis-6.161.5-cp312-cp312-manylinux_2_17_x86_64.manylinux2014_x86_64.whl", hash = "sha256:d7fcf44f9876b7b4fdc40b607342219c634cf6a1acc708dc0ff88e8e48ae8ea2", size = 1140601, upload-time = "2026-07-25T14:39:21.403Z" },
    { url = "https://files.pythonhosted.org/packages/4e/fe/f0f87c38dc741687bace80553478f8c9796ba5b6e68793a80990d79ec5ac/hypothesis-6.161.5-cp312-cp312-musllinux_1_2_aarch64.whl", hash = "sha256:59088f6458d2a6ef04724a2a639418c97dd8b8c280bfd222fcc5566854560caf", size = 1263341, upload-time = "2026-07-25T14:38:41.257Z" },
    { url = "https://files.pythonhosted.org/packages/44/db/02e30bcdb3434f4eee8fdbebf5cf151fecd37d2a76f2fc19f2745c93ca38/hypothesis-6.161.5-cp312-cp312-musllinux_1_2_x86_64.whl", hash = "sha256:ea8e7e6bed5407ab902026d8cac74d10cac894a496d82e261a0beaca499114dc", size = 1307604, upload-time = "2026-07-25T14:39:19.867Z" },
    { url = "https://files.pythonhosted.org/packages/1d/70/1f6349a244f13c5a383a62ca674d3175018c7fc30fbaad10faa859d5c2cf/hypothesis-6.161.5-cp312-cp312-win_amd64.whl", hash = "sha256:a4ad11f4eafd561a672cb9fa977d0f58ab4ae9cf4b160dd3c12c351089f3e2be", size = 656103, upload-time = "2026-07-25T14:38:57.639Z" },
    { url = "https://files.pythonhosted.org/packages/52/07/86f98ebd945f3f8a821c1e7bf9b530902675145d93ed44fa56a309cc24fd/hypothesis-6.161.5-cp313-cp313-macosx_10_12_x86_64.whl", hash = "sha256:3b4c308ff19741ab9f795cac61cce61227f55a1b9767ad525a34de8b01391d1d", size = 768455, upload-time = "2026-07-25T14:38:27.821Z" },
    { url = "https://files.pythonhosted.org/packages/70/11/93c00ba5c77b886017ea8eaa42de8ca937e319032c4251b0540fc1838ae1/hypothesis-6.161.5-cp313-cp313-macosx_11_0_arm64.whl", hash = "sha256:ef16fac46cd5675504a4d3824f443f6842b80fae8b6d15ecffa9c90e0fcf4522", size = 760099, upload-time = "2026-07-25T14:38:04.918Z" },
    { url = "https://files.pythonhosted.org/packages/86/13/c8787cfae81c816976c1b3aaa43294c3abd6fd055a0147122edd7357a349/hypothesis-6.161.5-cp313-cp313-manylinux_2_17_aarch64.manylinux2014_aarch64.whl", hash = "sha256:dc4c6aab8dbabb98b9c5ca8da8fa9294d2e5173432a12abcb447e83e666fa430", size = 1090486, upload-time = "2026-07-25T14:39:26.243Z" },
    { url = "https://files.pythonhosted.org/packages/f8/be/48f4f56bfb24787aa27e5ae851d1aee5214ab6e95311cf8c88a56707941f/hypothesis-6.161.5-cp313-cp313-manylinux_2_17_x86_64.manylinux2014_x86_64.whl", hash = "sha256:6f485e3c7ead1f76a8c060b16c6b50e5615264819e95b794c6fc6882a9cbfdc4", size = 1140433, upload-time = "2026-07-25T14:38:59.043Z" },
    { url = "https://files.pythonhosted.org/packages/2e/50/c119bfec24d267e4af5bdefda8fd490f7b3a7ee36a52d5ac0b88e07c10b3/hypothesis-6.161.5-cp313-cp313-musllinux_1_2_aarch64.whl", hash = "sha256:75bb899b2db5c45dbfa6ef704c26259bfd27fb3418179c3bd5788b7f2ecce72d", size = 1263296, upload-time = "2026-07-25T14:38:06.719Z" },
    { url = "https://files.pythonhosted.org/packages/81/89/eeb97a9684e3eaae801dd538058202b0b65c2aaecea0211e17d79f731170/hypothesis-6.161.5-cp313-cp313-musllinux_1_2_x86_64.whl", hash = "sha256:894e5d9e2cd97798c3dc2731699098c7f800a7905572db1677e0d27d3b41f541", size = 1307324, upload-time = "2026-07-25T14:38:24.881Z" },
    { url = "https://files.pythonhosted.org/packages/15/9d/e0c64a64721ba169dff5a6f12236d5102f8c76f661598d7837591ec7b375/hypothesis-6.161.5-cp313-cp313-win_amd64.whl", hash = "sha256:62452bb19d73496a74919d82afc6306bf9bd42b8cf1dfce21da3802c596a59b1", size = 656067, upload-time = "2026-07-25T14:38:37.157Z" },
    { url = "https://files.pythonhosted.org/packages/31/27/0c6884785ab6afb41305296b2a5fac2c5d1d26dba40e85c70909b8692fce/hypothesis-6.161.5-cp314-cp314-macosx_10_12_x86_64.whl", hash = "sha256:35b41648b547a233dd89bed37a3ce8c8298a454fd7133b27b0a37ced135eddfe", size = 768668, upload-time = "2026-07-25T14:39:15.033Z" },
    { url = "https://files.pythonhosted.org/packages/7b/12/17c63bba85201d5fa9db89841e8548c4fa6b240b2437c80d606a65889eb6/hypothesis-6.161.5-cp314-cp314-macosx_11_0_arm64.whl", hash = "sha256:429d2179b01787a54f8ccd150c02077a6feb973f14ef31664227148c6a1fadff", size = 760240, upload-time = "2026-07-25T14:38:43.93Z" },
    { url = "https://files.pythonhosted.org/packages/a2/df/1084fd695a1516120a5ea26c026d9f0a071fdf9efcba774c94c09332b372/hypothesis-6.161.5-cp314-cp314-manylinux_2_17_aarch64.manylinux2014_aarch64.whl", hash = "sha256:b23fc5441ef297d56797dd372889dec38ddf3662468772b347db2fd8fd43eced", size = 1090987, upload-time = "2026-07-25T14:39:06.646Z" },
    { url = "https://files.pythonhosted.org/packages/a0/a3/bef99daeaf6d1d2db09790cd4ec9ce0cdcac52faaf1fd80b4eaba5d5ea5e/hypothesis-6.161.5-cp314-cp314-manylinux_2_17_x86_64.manylinux2014_x86_64.whl", hash = "sha256:5f42dcc7fee0d4d56d011218b8c4d5afa6cdee5dbc690652d2a1a598d21969a3", size = 1140613, upload-time = "2026-07-25T14:38:26.284Z" },
    { url = "https://files.pythonhosted.org/packages/9f/09/ce1f6e29d897c7dcb7de1665a9e30d1e00500933caec697a4338db9e7bd0/hypothesis-6.161.5-cp314-cp314-musllinux_1_2_aarch64.whl", hash = "sha256:2825fac0d0428cb5e7826347aa4e60106d28f32948cd58c837097f3bd96dbf6c", size = 1263802, upload-time = "2026-07-25T14:38:33.277Z" },
    { url = "https://files.pythonhosted.org/packages/81/e5/7b33aae590bc457fffba70c4f19cc150e3ca356f8e15322f9224c5372a64/hypothesis-6.161.5-cp314-cp314-musllinux_1_2_x86_64.whl", hash = "sha256:e9f859ecfd3e00ebb8a36fbb36a8951513fd8e09103a56c645b102e0a51dd1bc", size = 1307642, upload-time = "2026-07-25T14:39:29.729Z" },
    { url = "https://files.pythonhosted.org/packages/d4/8b/4156a9e70bf8c69f54954539ca805e7311048516b665c5f87bee2c1955b7/hypothesis-6.161.5-cp314-cp314-pyemscripten_2026_0_wasm32.whl", hash = "sha256:b2647c2d5da341467c1ffaad0dd86d8612e27da2419e76b3b6ee79a33bba7d86", size = 600146, upload-time = "2026-07-25T14:38:17.815Z" },
    { url = "https://files.pythonhosted.org/packages/f9/db/48a518f3f2facd7b280592f81dbb0ba09109656be4ad3dbf0d95a02b4c02/hypothesis-6.161.5-cp314-cp314-win_amd64.whl", hash = "sha256:7c40dd1a3e99497d48a3cfd4c5d71bdb0cd70402a9e09eceb160f045edc92b3a", size = 655981, upload-time = "2026-07-25T14:39:16.52Z" },
    { url = "https://files.pythonhosted.org/packages/25/92/1e9f9f44ef75fc052cc0e3700cfc7d52fd4af1ed9e8b2945d19956bb83cb/hypothesis-6.161.5-cp314-cp314t-macosx_10_12_x86_64.whl", hash = "sha256:6c1b7e1d508a3cc5c10ea7a7a4a7d3b0b56fe6291e8936bb9d052af530380b15", size = 767251, upload-time = "2026-07-25T14:38:52.608Z" },
    { url = "https://files.pythonhosted.org/packages/48/31/0c3f824bbb1fccc0338930c8ef855880065d9d58dddf9547a1b9ae4e664d/hypothesis-6.161.5-cp314-cp314t-macosx_11_0_arm64.whl", hash = "sha256:b0926ba51452c24b92fbcbb30d28cc43fd6cd9e636ea2134fbc1cc2c9da109de", size = 758710, upload-time = "2026-07-25T14:38:09.156Z" },
    { url = "https://files.pythonhosted.org/packages/ab/6b/5811dbb4c1dc0a772519fb9af9c4089128bceeb5deb4c36a887e1e731920/hypothesis-6.161.5-cp314-cp314t-manylinux_2_17_aarch64.manylinux2014_aarch64.whl", hash = "sha256:ba8d0346308b558bfbb49f965ed1d9d5bb65758f4530cb30ce1f9bd911a130b4", size = 1089583, upload-time = "2026-07-25T14:38:49.83Z" },
    { url = "https://files.pythonhosted.org/packages/5f/29/f9cbfd9d0aaea5370a7ceb966f6c8d47e9101ee9a6623606e9f564a59c6e/hypothesis-6.161.5-cp314-cp314t-manylinux_2_17_x86_64.manylinux2014_x86_64.whl", hash = "sha256:2c64079ef4633ab7b540f532107188d75999ee5b342116636312e09ada15783e", size = 1139525, upload-time = "2026-07-25T14:38:29.262Z" },
    { url = "https://files.pythonhosted.org/packages/99/27/f56a03be4ee21f25828e8fba8a502d6840826aea4ff784ff54cbd1f51175/hypothesis-6.161.5-cp314-cp314t-musllinux_1_2_aarch64.whl", hash = "sha256:ed3eede1c23689edb4773b4c2303ee91518e82056a0a4893fc8415b18e5c3e8b", size = 1261963, upload-time = "2026-07-25T14:38:31.931Z" },
    { url = "https://files.pythonhosted.org/packages/b0/ea/72e11fe6832a68674271655be5cb6f035502dd328ea629b3ee510fb130a5/hypothesis-6.161.5-cp314-cp314t-musllinux_1_2_x86_64.whl", hash = "sha256:82b1088ebcad5ab6d146caf9a1552019472a8a9302727f1be5939e30460a101b", size = 1306382, upload-time = "2026-07-25T14:38:13.011Z" },
    { url = "https://files.pythonhosted.org/packages/df/8b/bb039d11a805db0977904c245fa3dcf6d266808482d9dfc6dad3e5f1b256/hypothesis-6.161.5-cp314-cp314t-win_amd64.whl", hash = "sha256:bbe8705ff394a573624cd53f2192dad6255c86346704adf9873cb3acb9b940e5", size = 656131, upload-time = "2026-07-25T14:38:16.712Z" },
    { url = "https://files.pythonhosted.org/packages/21/71/0b28e9ac10f692d9b85a0df74615d308ec1e77140c61773ab107070b82d3/hypothesis-6.161.5-pp311-pypy311_pp73-macosx_10_12_x86_64.whl", hash = "sha256:64167d94bcd4a15c1b0aa44c3176f019614898ff10907a2065c142ed34acf828", size = 768375, upload-time = "2026-07-25T14:39:23Z" },
    { url = "https://files.pythonhosted.org/packages/6d/5c/f518bdc85ee5a9b9153aa01b3ed6a77304b8f573a461da1a6694a6992001/hypothesis-6.161.5-pp311-pypy311_pp73-macosx_11_0_arm64.whl", hash = "sha256:22bc641a290428cfd01c62b2b7fe7686007b104dfb5e8ed5420fd3d3a281ebb9", size = 764276, upload-time = "2026-07-25T14:39:02.167Z" },
    { url = "https://files.pythonhosted.org/packages/af/3b/6c93b03adb5804b01854d2801a1f74705ea73d685cef7861484ad8804856/hypothesis-6.161.5-pp311-pypy311_pp73-manylinux_2_17_aarch64.manylinux2014_aarch64.whl", hash = "sha256:35527a795992396b82293fec2294ba5b9c0768350c8cb89085e3f5f76ed7d08e", size = 1093089, upload-time = "2026-07-25T14:39:11.442Z" },
    { url = "https://files.pythonhosted.org/packages/8b/3d/6ebfbd76534a71c7ffdd48e0d42373a14152e45714feabf0c25bd7d6b10a/hypothesis-6.161.5-pp311-pypy311_pp73-manylinux_2_17_x86_64.manylinux2014_x86_64.whl", hash = "sha256:9ae81035628d2b80435320c43cb09f5b421bac4941bd8ea9b2778d278ae65996", size = 1142876, upload-time = "2026-07-25T14:39:24.674Z" },
    { url = "https://files.pythonhosted.org/packages/fd/07/b57cfd34f55c14a2e823284a796d4228c356e338e1195affc0546bca567b/hypothesis-6.161.5-pp311-pypy311_pp73-win_amd64.whl", hash = "sha256:20e3ab3b0dc300a84b58f41ddd7f5190757521282aad58701c4c76f28a3d981a", size = 659768, upload-time = "2026-07-25T14:39:08.166Z" },
]

[[package]]
name = "iniconfig"
version = "2.3.0"
source = { registry = "https://pypi.org/simple" }
sdist = { url = "https://files.pythonhosted.org/packages/72/34/14ca021ce8e5dfedc35312d08ba8bf51fdd999c576889fc2c24cb97f4f10/iniconfig-2.3.0.tar.gz", hash = "sha256:c76315c77db068650d49c5b56314774a7804df16fee4402c1f19d6d15d8c4730", size = 20503, upload-time = "2025-10-18T21:55:43.219Z" }
wheels = [
    { url = "https://files.pythonhosted.org/packages/cb/b1/3846dd7f199d53cb17f49cba7e651e9ce294d8497c8c150530ed11865bb8/iniconfig-2.3.0-py3-none-any.whl", hash = "sha256:f631c04d2c48c52b84d0d0549c99ff3859c98df65b3101406327ecc7d53fbf12", size = 7484, upload-time = "2025-10-18T21:55:41.639Z" },
]

[[package]]
name = "networkx"
version = "3.6.1"
source = { registry = "https://pypi.org/simple" }
sdist = { url = "https://files.pythonhosted.org/packages/6a/51/63fe664f3908c97be9d2e4f1158eb633317598cfa6e1fc14af5383f17512/networkx-3.6.1.tar.gz", hash = "sha256:26b7c357accc0c8cde558ad486283728b65b6a95d85ee1cd66bafab4c8168509", size = 2517025, upload-time = "2025-12-08T17:02:39.908Z" }
wheels = [
    { url = "https://files.pythonhosted.org/packages/9e/c9/b2622292ea83fbb4ec318f5b9ab867d0a28ab43c5717bb85b0a5f6b3b0a4/networkx-3.6.1-py3-none-any.whl", hash = "sha256:d47fbf302e7d9cbbb9e2555a0d267983d2aa476bac30e90dfbe5669bd57f3762", size = 2068504, upload-time = "2025-12-08T17:02:38.159Z" },
]

[[package]]
name = "packaging"
version = "26.2"
source = { registry = "https://pypi.org/simple" }
sdist = { url = "https://files.pythonhosted.org/packages/d7/f1/e7a6dd94a8d4a5626c03e4e99c87f241ba9e350cd9e6d75123f992427270/packaging-26.2.tar.gz", hash = "sha256:ff452ff5a3e828ce110190feff1178bb1f2ea2281fa2075aadb987c2fb221661", size = 228134, upload-time = "2026-04-24T20:15:23.917Z" }
wheels = [
    { url = "https://files.pythonhosted.org/packages/df/b2/87e62e8c3e2f4b32e5fe99e0b86d576da1312593b39f47d8ceef365e95ed/packaging-26.2-py3-none-any.whl", hash = "sha256:5fc45236b9446107ff2415ce77c807cee2862cb6fac22b8a73826d0693b0980e", size = 100195, upload-time = "2026-04-24T20:15:22.081Z" },
]

[[package]]
name = "pluggy"
version = "1.6.0"
source = { registry = "https://pypi.org/simple" }
sdist = { url = "https://files.pythonhosted.org/packages/f9/e2/3e91f31a7d2b083fe6ef3fa267035b518369d9511ffab804f839851d2779/pluggy-1.6.0.tar.gz", hash = "sha256:7dcc130b76258d33b90f61b658791dede3486c3e6bfb003ee5c9bfb396dd22f3", size = 69412, upload-time = "2025-05-15T12:30:07.975Z" }
wheels = [
    { url = "https://files.pythonhosted.org/packages/54/20/4d324d65cc6d9205fabedc306948156824eb9f0ee1633355a8f7ec5c66bf/pluggy-1.6.0-py3-none-any.whl", hash = "sha256:e920276dd6813095e9377c0bc5566d94c932c33b27a3e3945d8389c374dd4746", size = 20538, upload-time = "2025-05-15T12:30:06.134Z" },
]

[[package]]
name = "pygments"
version = "2.20.0"
source = { registry = "https://pypi.org/simple" }
sdist = { url = "https://files.pythonhosted.org/packages/c3/b2/bc9c9196916376152d655522fdcebac55e66de6603a76a02bca1b6414f6c/pygments-2.20.0.tar.gz", hash = "sha256:6757cd03768053ff99f3039c1a36d6c0aa0b263438fcab17520b30a303a82b5f", size = 4955991, upload-time = "2026-03-29T13:29:33.898Z" }
wheels = [
    { url = "https://files.pythonhosted.org/packages/f4/7e/a72dd26f3b0f4f2bf1dd8923c85f7ceb43172af56d63c7383eb62b332364/pygments-2.20.0-py3-none-any.whl", hash = "sha256:81a9e26dd42fd28a23a2d169d86d7ac03b46e2f8b59ed4698fb4785f946d0176", size = 1231151, upload-time = "2026-03-29T13:29:30.038Z" },
]

[[package]]
name = "pytest"
version = "9.1.1"
source = { registry = "https://pypi.org/simple" }
dependencies = [
    { name = "colorama", marker = "sys_platform == 'win32'" },
    { name = "iniconfig" },
    { name = "packaging" },
    { name = "pluggy" },
    { name = "pygments" },
]
sdist = { url = "https://files.pythonhosted.org/packages/e4/47/b9efed96c114afcfa3c9d3fe98a76a1d14c74a9e266d397cf6eb64be5e01/pytest-9.1.1.tar.gz", hash = "sha256:1088fbde8f2b49d95a549a195707afa7a76a3ce9bcadc26b6d71f0ffda5fe313", size = 1636369, upload-time = "2026-06-19T10:58:32.857Z" }
wheels = [
    { url = "https://files.pythonhosted.org/packages/24/25/1de2678b631f5a49215c6c96fff41ba892b0a34df68d6d80292b1b48aa7f/pytest-9.1.1-py3-none-any.whl", hash = "sha256:37a86b45efb9a47a61a36449063e8e18d0cab3161329fc099eb21783169c4f0c", size = 386536, upload-time = "2026-06-19T10:58:31.347Z" },
]

[[package]]
name = "ruff"
version = "0.15.20"
source = { registry = "https://pypi.org/simple" }
sdist = { url = "https://files.pythonhosted.org/packages/43/dc/35b341fc554ba02f217fc10da57d1a75168cfbcf75b0ef2202176d4c4f2d/ruff-0.15.20.tar.gz", hash = "sha256:1416eb04349192646b54de98f146c4f59afe37d0decfc02c3cbbf396f3a28566", size = 4755489, upload-time = "2026-06-25T17:20:37.578Z" }
wheels = [
    { url = "https://files.pythonhosted.org/packages/94/d9/2d5014f0253ba541d2061d9fa7193f48e941c8b21bb88a7ff9bbe0bd0596/ruff-0.15.20-py3-none-linux_armv6l.whl", hash = "sha256:00e188c53e499c3c1637f73c91dcf2fb56d576cab76ce1be50a27c4e80e37078", size = 10839665, upload-time = "2026-06-25T17:19:44.702Z" },
    { url = "https://files.pythonhosted.org/packages/c6/d3/ac1798ba64f670698867fcfc591d50e7e421bef137db564858f619a30fcf/ruff-0.15.20-py3-none-macosx_10_12_x86_64.whl", hash = "sha256:9ebd1fd9b9c95fc0bd7b2761aebec1f030013d2e193a2901b224af68fe47251b", size = 11208649, upload-time = "2026-06-25T17:19:48.787Z" },
    { url = "https://files.pythonhosted.org/packages/47/47/d3ac899991202095dfcf3d5176be4272642be3cf981a2f1a30f72a2afb95/ruff-0.15.20-py3-none-macosx_11_0_arm64.whl", hash = "sha256:c5b16cdd67ca108185cd36dce98c576350c03b1660a751de725fb049193a0632", size = 10622638, upload-time = "2026-06-25T17:19:51.354Z" },
    { url = "https://files.pythonhosted.org/packages/33/13/4e043fe30aa94d4ff5213a9881fc296d12960f5971b234a5263fdc225312/ruff-0.15.20-py3-none-manylinux_2_17_aarch64.manylinux2014_aarch64.whl", hash = "sha256:3413bb3c3d2ca6a8208f1f4809cd2dca3c6de6d0b491c0e70847672bde6e6efd", size = 10984227, upload-time = "2026-06-25T17:19:54.044Z" },
    { url = "https://files.pythonhosted.org/packages/76/e6/92e7bf40388bc5800073b96564f56264f7e48bfd1a498f5ced6ae6d5a769/ruff-0.15.20-py3-none-manylinux_2_17_armv7l.manylinux2014_armv7l.whl", hash = "sha256:bd7ec42b3bb3da066488db093308a69c4ac5ee6d2af333a86ba6e2eb2e7dd44b", size = 10622882, upload-time = "2026-06-25T17:19:57.037Z" },
    { url = "https://files.pythonhosted.org/packages/13/7a/43460be3f24495a3aa46d4b16873e2c4941b3b5f0b00cf88c03b7b94b339/ruff-0.15.20-py3-none-manylinux_2_17_i686.manylinux2014_i686.whl", hash = "sha256:e1a36ad0eb77fba9aabfb69ede54de6f376d04ac18ebea022847046d340a8267", size = 11474808, upload-time = "2026-06-25T17:20:00.357Z" },
    { url = "https://files.pythonhosted.org/packages/27/a0/f37077884873221c6b33b4ab49eb18f9f88e54a16a25a5bca59bef46dd66/ruff-0.15.20-py3-none-manylinux_2_17_ppc64le.manylinux2014_ppc64le.whl", hash = "sha256:b6df3b1e4610432f0386dba04d853b5f08cbbc903410c6fcc02f620f05aff53c", size = 12293094, upload-time = "2026-06-25T17:20:03.446Z" },
    { url = "https://files.pythonhosted.org/packages/a6/74/165545b60256a9704c21ac0ec4a0d07933b320812f9584836c9f4aca4292/ruff-0.15.20-py3-none-manylinux_2_17_s390x.manylinux2014_s390x.whl", hash = "sha256:e89f198a1ea6ef0d727c1cf16088bc91a6cb0ab947dedc966715691647186eae", size = 11526176, upload-time = "2026-06-25T17:20:06.301Z" },
    { url = "https://files.pythonhosted.org/packages/86/b1/a976a136d40ade83ce743578399865f57001003a409acadc0ecbb3051082/ruff-0.15.20-py3-none-manylinux_2_17_x86_64.manylinux2014_x86_64.whl", hash = "sha256:309809086c2acb67624950a3c8133e80f32d0d3e27106c0cd60ff26657c9f24b", size = 11520767, upload-time = "2026-06-25T17:20:09.191Z" },
    { url = "https://files.pythonhosted.org/packages/19/0f/f032696cb01c9b54c0263fa393474d7758f1cdc021a01b04e3cbc2500999/ruff-0.15.20-py3-none-manylinux_2_31_riscv64.whl", hash = "sha256:2d2374caa2f2c2f9e2b7da0a50802cfb8b79f55a9b5e49379f564544fbf56487", size = 11500132, upload-time = "2026-06-25T17:20:13.602Z" },
    { url = "https://files.pythonhosted.org/packages/4b/f4/51b1a14bc69e8c224b15dab9cce8e99b425e0455d462caa2b3c9be2b6a8e/ruff-0.15.20-py3-none-musllinux_1_2_aarch64.whl", hash = "sha256:a1ed17b65293e0c2f22fc387bc13198a5de94bf4429589b0ff6946b0feaf21a3", size = 10943828, upload-time = "2026-06-25T17:20:16.635Z" },
    { url = "https://files.pythonhosted.org/packages/71/4b/fe267640783cd02bf6c5cc290b1df1051be2ec294c678b5c15fe19e52343/ruff-0.15.20-py3-none-musllinux_1_2_armv7l.whl", hash = "sha256:f701305e66b38ea6c91882490eb73459796808e4c6362a1b765255e0cdcd4053", size = 10645418, upload-time = "2026-06-25T17:20:19.4Z" },
    { url = "https://files.pythonhosted.org/packages/b0/c0/a65aa4ec2f5e87a1df32dc3ec1fede434fe3dfd5cbcf3b503cafc676ab54/ruff-0.15.20-py3-none-musllinux_1_2_i686.whl", hash = "sha256:5b9c0c367ad8e5d0d5b5b8537864c469a0a0e55417aadfbeca41fa61333be9f4", size = 11211770, upload-time = "2026-06-25T17:20:22.033Z" },
    { url = "https://files.pythonhosted.org/packages/5a/a4/0caa331d954ae2723d729d351c989cb4ca8b6077d5c6c2cb6de75e98c041/ruff-0.15.20-py3-none-musllinux_1_2_x86_64.whl", hash = "sha256:01cc00dd58f0df339d0e902219dd53990ea99996a0344e5d9cc8d45d5307e460", size = 11618698, upload-time = "2026-06-25T17:20:25.259Z" },
    { url = "https://files.pythonhosted.org/packages/10/9b/5f14927848d2fd4aa891fd88d883788c5a7baba561c7874732364045708c/ruff-0.15.20-py3-none-win32.whl", hash = "sha256:ed65ef510e43a137207e0f01cfcf998aeddb1aeeda5c9d35023e910284d7cf21", size = 10857322, upload-time = "2026-06-25T17:20:28.612Z" },
    { url = "https://files.pythonhosted.org/packages/fa/f0/fe47c501f9dea92a26d788ff98bb5d92ed4cb4c88792c5c88af6b697dc8e/ruff-0.15.20-py3-none-win_amd64.whl", hash = "sha256:a525c81c70fb0380344dd1d8745d8cc1c890b7fc94a58d5a07bd8eb9557b8415", size = 11993274, upload-time = "2026-06-25T17:20:31.871Z" },
    { url = "https://files.pythonhosted.org/packages/d7/2b/9555445e1201d92b3195f45cdb153a0b68f24e0a4273f6e3d5ab46e212bb/ruff-0.15.20-py3-none-win_arm64.whl", hash = "sha256:2f5b2a6d614e8700388806a14996c40fab2c47b819ef57d790a34878858ed9ca", size = 11343498, upload-time = "2026-06-25T17:20:35.03Z" },
]

[[package]]
name = "sortedcontainers"
version = "2.4.0"
source = { registry = "https://pypi.org/simple" }
sdist = { url = "https://files.pythonhosted.org/packages/e8/c4/ba2f8066cceb6f23394729afe52f3bf7adec04bf9ed2c820b39e19299111/sortedcontainers-2.4.0.tar.gz", hash = "sha256:25caa5a06cc30b6b83d11423433f65d1f9d76c4c6a0c90e3379eaa43b9bfdb88", size = 30594, upload-time = "2021-05-16T22:03:42.897Z" }
wheels = [
    { url = "https://files.pythonhosted.org/packages/32/46/9cb0e58b2deb7f82b84065f37f3bffeb12413f947f9388e4cac22c4621ce/sortedcontainers-2.4.0-py2.py3-none-any.whl", hash = "sha256:a163dcaede0f1c021485e957a39245190e74249897e2ae4b2aa38595db237ee0", size = 29575, upload-time = "2021-05-16T22:03:41.177Z" },
]
